
Microsoft Visual Studio Solution File, Format Version 12.00
# Visual Studio Version 16
VisualStudioVersion = 16.0.31624.102
MinimumVisualStudioVersion = 10.0.40219.1
Project("{FAE04EC0-301F-11D3-BF4B-00C04F79EFBC}") = "laba10", "laba10\laba10.csproj", "{816B1C27-184F-4EBC-9E97-455A4C2FF19E}"
EndProject
Global
	GlobalSection(SolutionConfigurationPlatforms) = preSolution
		Debug|Any CPU = Debug|Any CPU
		Release|Any CPU = Release|Any CPU
	EndGlobalSection
	GlobalSection(ProjectConfigurationPlatforms) = postSolution
		{816B1C27-184F-4EBC-9E97-455A4C2FF19E}.Debug|Any CPU.ActiveCfg = Debug|Any CPU
		{816B1C27-184F-4EBC-9E97-455A4C2FF19E}.Debug|Any CPU.Build.0 = Debug|Any CPU
		{816B1C27-184F-4EBC-9E97-455A4C2FF19E}.Release|Any CPU.ActiveCfg = Release|Any CPU
		{816B1C27-184F-4EBC-9E97-455A4C2FF19E}.Release|Any CPU.Build.0 = Release|Any CPU
	EndGlobalSection
	GlobalSection(SolutionProperties) = preSolution
		HideSolutionNode = FALSE
	EndGlobalSection
	GlobalSection(ExtensibilityGlobals) = postSolution
		SolutionGuid = {ECED82C4-B123-4DBD-880C-6FB7B07D9401}
	EndGlobalSection
EndGlobal
