
Microsoft Visual Studio Solution File, Format Version 12.00
# Visual Studio Version 16
VisualStudioVersion = 16.0.31624.102
MinimumVisualStudioVersion = 10.0.40219.1
Project("{FAE04EC0-301F-11D3-BF4B-00C04F79EFBC}") = "laba14", "laba14\laba14.csproj", "{81DF3949-AF48-44BD-88DC-FDCF689267F2}"
EndProject
Global
	GlobalSection(SolutionConfigurationPlatforms) = preSolution
		Debug|Any CPU = Debug|Any CPU
		Release|Any CPU = Release|Any CPU
	EndGlobalSection
	GlobalSection(ProjectConfigurationPlatforms) = postSolution
		{81DF3949-AF48-44BD-88DC-FDCF689267F2}.Debug|Any CPU.ActiveCfg = Debug|Any CPU
		{81DF3949-AF48-44BD-88DC-FDCF689267F2}.Debug|Any CPU.Build.0 = Debug|Any CPU
		{81DF3949-AF48-44BD-88DC-FDCF689267F2}.Release|Any CPU.ActiveCfg = Release|Any CPU
		{81DF3949-AF48-44BD-88DC-FDCF689267F2}.Release|Any CPU.Build.0 = Release|Any CPU
	EndGlobalSection
	GlobalSection(SolutionProperties) = preSolution
		HideSolutionNode = FALSE
	EndGlobalSection
	GlobalSection(ExtensibilityGlobals) = postSolution
		SolutionGuid = {BFF68E55-A11F-45D6-8863-49AE2FE89E09}
	EndGlobalSection
EndGlobal
