
Microsoft Visual Studio Solution File, Format Version 12.00
# Visual Studio Version 16
VisualStudioVersion = 16.0.31624.102
MinimumVisualStudioVersion = 10.0.40219.1
Project("{FAE04EC0-301F-11D3-BF4B-00C04F79EFBC}") = "laba6", "laba6\laba6.csproj", "{485B5EF1-FB4F-4CD1-BDBD-DAEDD9AA6261}"
EndProject
Global
	GlobalSection(SolutionConfigurationPlatforms) = preSolution
		Debug|Any CPU = Debug|Any CPU
		Release|Any CPU = Release|Any CPU
	EndGlobalSection
	GlobalSection(ProjectConfigurationPlatforms) = postSolution
		{485B5EF1-FB4F-4CD1-BDBD-DAEDD9AA6261}.Debug|Any CPU.ActiveCfg = Debug|Any CPU
		{485B5EF1-FB4F-4CD1-BDBD-DAEDD9AA6261}.Debug|Any CPU.Build.0 = Debug|Any CPU
		{485B5EF1-FB4F-4CD1-BDBD-DAEDD9AA6261}.Release|Any CPU.ActiveCfg = Release|Any CPU
		{485B5EF1-FB4F-4CD1-BDBD-DAEDD9AA6261}.Release|Any CPU.Build.0 = Release|Any CPU
	EndGlobalSection
	GlobalSection(SolutionProperties) = preSolution
		HideSolutionNode = FALSE
	EndGlobalSection
	GlobalSection(ExtensibilityGlobals) = postSolution
		SolutionGuid = {7E7F165C-9717-4F68-95BE-CD41B03858B4}
	EndGlobalSection
EndGlobal
